{
  "name": "stressbag",
  "version": "1.0.0",
  "lockfileVersion": 1,
  "requires": true,
  "dependencies": {
    "requirejs": {
      "version": "2.3.6",
      "resolved": "https://registry.npmjs.org/requirejs/-/requirejs-2.3.6.tgz",
      "integrity": "sha512-ipEzlWQe6RK3jkzikgCupiTbTvm4S0/CAU5GlgptkN5SO6F3u0UD0K18wy6ErDqiCyP4J4YYe1HuAShvsxePLg=="
    },
    "three": {
      "version": "0.117.1",
      "resolved": "https://registry.npmjs.org/three/-/three-0.117.1.tgz",
      "integrity": "sha512-t4zeJhlNzUIj9+ub0l6nICVimSuRTZJOqvk3Rmlu+YGdTOJ49Wna8p7aumpkXJakJfITiybfpYE1XN1o1Z34UQ=="
    }
  }
}
